
Microsoft Visual Studio Solution File, Format Version 12.00
# Visual Studio Version 17
VisualStudioVersion = 17.0.31903.59
MinimumVisualStudioVersion = 10.0.40219.1
Project("{FAE04EC0-301F-11D3-BF4B-00C04F79EFBC}") = "SelfHostServer.Host", "SelfHostServer.Host\SelfHostServer.Host.csproj", "{1462DC2B-3678-440B-9928-FEDC334839F5}"
EndProject
Global
	GlobalSection(SolutionConfigurationPlatforms) = preSolution
		Debug|Any CPU = Debug|Any CPU
		Release|Any CPU = Release|Any CPU
	EndGlobalSection
	GlobalSection(ProjectConfigurationPlatforms) = postSolution
		{1462DC2B-3678-440B-9928-FEDC334839F5}.Debug|Any CPU.ActiveCfg = Debug|Any CPU
		{1462DC2B-3678-440B-9928-FEDC334839F5}.Debug|Any CPU.Build.0 = Debug|Any CPU
		{1462DC2B-3678-440B-9928-FEDC334839F5}.Release|Any CPU.ActiveCfg = Release|Any CPU
		{1462DC2B-3678-440B-9928-FEDC334839F5}.Release|Any CPU.Build.0 = Release|Any CPU
	EndGlobalSection
	GlobalSection(SolutionProperties) = preSolution
		HideSolutionNode = FALSE
	EndGlobalSection
	GlobalSection(ExtensibilityGlobals) = postSolution
		SolutionGuid = {FEF68589-3542-4103-B20A-AEA6A3BFEBB0}
	EndGlobalSection
EndGlobal
